
Microsoft Visual Studio Solution File, Format Version 12.00
# Visual Studio 15
Project("{FAE04EC0-301F-11D3-BF4B-00C04F79EFBC}") = "Assembly-CSharp", "Assembly-CSharp.csproj", "{7F4F6D24-ECC0-3985-3F7D-2F81742BB8AE}"
EndProject
Project("{FAE04EC0-301F-11D3-BF4B-00C04F79EFBC}") = "OtoonShader", "OtoonShader.csproj", "{4F59EAED-BA8B-1067-CD27-6E7CAC457628}"
EndProject
Project("{FAE04EC0-301F-11D3-BF4B-00C04F79EFBC}") = "OtoonEditor", "OtoonEditor.csproj", "{875622C4-6A05-63EB-4DD0-77A8714D2B8D}"
EndProject
Project("{FAE04EC0-301F-11D3-BF4B-00C04F79EFBC}") = "Assembly-CSharp-Editor", "Assembly-CSharp-Editor.csproj", "{11596DAB-1BFD-9182-AC4F-680930B3708C}"
EndProject
Global
	GlobalSection(SolutionConfigurationPlatforms) = preSolution
		Debug|Any CPU = Debug|Any CPU
		Release|Any CPU = Release|Any CPU
	EndGlobalSection
	GlobalSection(ProjectConfigurationPlatforms) = postSolution
		{7F4F6D24-ECC0-3985-3F7D-2F81742BB8AE}.Debug|Any CPU.ActiveCfg = Debug|Any CPU
		{7F4F6D24-ECC0-3985-3F7D-2F81742BB8AE}.Debug|Any CPU.Build.0 = Debug|Any CPU
		{7F4F6D24-ECC0-3985-3F7D-2F81742BB8AE}.Release|Any CPU.ActiveCfg = Release|Any CPU
		{7F4F6D24-ECC0-3985-3F7D-2F81742BB8AE}.Release|Any CPU.Build.0 = Release|Any CPU
		{4F59EAED-BA8B-1067-CD27-6E7CAC457628}.Debug|Any CPU.ActiveCfg = Debug|Any CPU
		{4F59EAED-BA8B-1067-CD27-6E7CAC457628}.Debug|Any CPU.Build.0 = Debug|Any CPU
		{4F59EAED-BA8B-1067-CD27-6E7CAC457628}.Release|Any CPU.ActiveCfg = Release|Any CPU
		{4F59EAED-BA8B-1067-CD27-6E7CAC457628}.Release|Any CPU.Build.0 = Release|Any CPU
		{875622C4-6A05-63EB-4DD0-77A8714D2B8D}.Debug|Any CPU.ActiveCfg = Debug|Any CPU
		{875622C4-6A05-63EB-4DD0-77A8714D2B8D}.Debug|Any CPU.Build.0 = Debug|Any CPU
		{875622C4-6A05-63EB-4DD0-77A8714D2B8D}.Release|Any CPU.ActiveCfg = Release|Any CPU
		{875622C4-6A05-63EB-4DD0-77A8714D2B8D}.Release|Any CPU.Build.0 = Release|Any CPU
		{11596DAB-1BFD-9182-AC4F-680930B3708C}.Debug|Any CPU.ActiveCfg = Debug|Any CPU
		{11596DAB-1BFD-9182-AC4F-680930B3708C}.Debug|Any CPU.Build.0 = Debug|Any CPU
		{11596DAB-1BFD-9182-AC4F-680930B3708C}.Release|Any CPU.ActiveCfg = Release|Any CPU
		{11596DAB-1BFD-9182-AC4F-680930B3708C}.Release|Any CPU.Build.0 = Release|Any CPU
	EndGlobalSection
	GlobalSection(SolutionProperties) = preSolution
		HideSolutionNode = FALSE
	EndGlobalSection
EndGlobal
